
Microsoft Visual Studio Solution File, Format Version 12.00
# Visual Studio Version 17
VisualStudioVersion = 17.14.36705.20 d17.14
MinimumVisualStudioVersion = 10.0.40219.1
Project("{FAE04EC0-301F-11D3-BF4B-00C04F79EFBC}") = "PMS", "PMS\PMS.csproj", "{632BE570-23B7-4926-901E-054A818374F2}"
EndProject
Global
	GlobalSection(SolutionConfigurationPlatforms) = preSolution
		Debug|Any CPU = Debug|Any CPU
		Release|Any CPU = Release|Any CPU
	EndGlobalSection
	GlobalSection(ProjectConfigurationPlatforms) = postSolution
		{632BE570-23B7-4926-901E-054A818374F2}.Debug|Any CPU.ActiveCfg = Debug|Any CPU
		{632BE570-23B7-4926-901E-054A818374F2}.Debug|Any CPU.Build.0 = Debug|Any CPU
		{632BE570-23B7-4926-901E-054A818374F2}.Release|Any CPU.ActiveCfg = Release|Any CPU
		{632BE570-23B7-4926-901E-054A818374F2}.Release|Any CPU.Build.0 = Release|Any CPU
	EndGlobalSection
	GlobalSection(SolutionProperties) = preSolution
		HideSolutionNode = FALSE
	EndGlobalSection
	GlobalSection(ExtensibilityGlobals) = postSolution
		SolutionGuid = {00ADEC73-106B-4FF9-AB8F-0C0F826D3901}
	EndGlobalSection
EndGlobal
